github.com/bitcoinschema/go-aip v0.1.9 h1:BCzRMZhEviDfUZTnaxfTdy4JqdhkNZCN+PIV3Jhu/ls=
github.com/bitcoinschema/go-aip v0.1.9/go.mod h1:/x2uPdJIKBJpCRRiVQegn3ZyR2oX0Nr60/1hHP2kTZk=
github.com/bitcoinschema/go-b v0.0.17 h1:IGoZypr2cdR4MVWVo1i/Jznnfd+kiqLF0S5GtSdN2cQ=
github.com/bitcoinschema/go-b v0.0.17/go.mod h1:7NnOhZmdsacUVfmcEEdk+D3jEvZ8Codlp+sZl2eOEmY=
github.com/bitcoinschema/go-bap v0.2.8 h1:NibhT7kWvMf64akNjQHBCiW4f0W+nEvvi2X0iYpp7+Q=
github.com/bitcoinschema/go-bap v0.2.8/go.mod h1:Qmq340crYV2Jf4wFntScFkle3mddnpFqINhH0oViv8U=
github.com/bitcoinschema/go-bitcoin v0.3.20 h1:jWKT7ePYm4dPaIR2aIAVL8BwdsYtuG/4B87l1+KZyWs=
github.com/bitcoinschema/go-bitcoin v0.3.20/go.mod h1:HyyMGUTtGE1qOgFJzCmvgsf3y55IfxJ+qLbwRm4Ski4=
github.com/bitcoinschema/go-bitcoin/v2 v2.0.0-alpha.3/go.mod h1:VN6ACz7ptkAvJ6PcPEb2pt5lAlKlJtGE1smtjKn3i8I=
github.com/bitcoinschema/go-bitcoin/v2 v2.0.2/go.mod h1:W27VU8elCcugGuA1pvhMQ4PjMPBRirdovkgoeKTjLg0=
github.com/bitcoinschema/go-bitcoin/v2 v2.0.3 h1:3pxGpFk7L2GcAx6VYW6kgcOmI0jhnZ/2zKSsfxqhvfM=
github.com/bitcoinschema/go-bitcoin/v2 v2.0.3/go.mod h1:MnikSx/hRXOS7dG3RlJOP2cV2lG6IOmoGd6HhvCB7Gc=
github.com/bitcoinschema/go-bmap v0.0.38 h1:S2Q4CgC2FYhTnb96mDEP0nhnVqAf1zGhhfR6Em846g8=
github.com/bitcoinschema/go-bmap v0.0.38/go.mod h1:2Y/I9H4iooDcBTFkwfQSJTbdE0mM2dU36IN+18wKvQI=
github.com/bitcoinschema/go-bob v0.3.1/go.mod h1:76l1qp651EjzxO8EhJSb+i6UcTDQ7hSzS/alV35XN8s=
github.com/bitcoinschema/go-bob v0.3.2/go.mod h1:ENT+iU50YGrJ8Swi/Wi7/XlBrqUYamM/Ldx3YLYQQ0E=
github.com/bitcoinschema/go-bob v0.3.3 h1:2DBWMT5LrxzD/k876gTgchTY0z3npSRes5CG+Chdrzw=
github.com/bitcoinschema/go-bob v0.3.3/go.mod h1:u381SnwMDRJqbUIZxredI9sdl6J4WYMRteDWqTcqzQQ=
github.com/bitcoinschema/go-boost v0.0.1 h1:yDBIUEjDc51HPPdag4WgAnHvFFEZUsBOGfOGdBlrGkc=
github.com/bitcoinschema/go-boost v0.0.1/go.mod h1:Z+15n8CgM1VV1Cx8CQOAo/RFUn0lXqk5OzrmtI2gyI0=
github.com/bitcoinschema/go-bpu v0.0.3/go.mod h1:i41D9NP5KIk/oCt8XrRhN27YerZCUG6vjScXDhNn5Us=
github.com/bitcoinschema/go-bpu v0.0.4 h1:EapuVhZcRD8ZOqBCcHUdzaMGOUmabvuXc6EvONBn5Mc=
github.com/bitcoinschema/go-bpu v0.0.4/go.mod h1:i41D9NP5KIk/oCt8XrRhN27YerZCUG6vjScXDhNn5Us=
github.com/bitcoinschema/go-map v0.0.16 h1:sc94gO52+M5Gb/f4RWxexqTa1riRg6ST3NzYUMynXTs=
github.com/bitcoinschema/go-map v0.0.16/go.mod h1:UATfKAVX5ILxhzCg0xOg9liqzGcY5Sz6XrH+V+CIbpY=
github.com/bitcoinsv/bsvd v0.0.0-20190609155523-4c29707f7173 h1:2yTIV9u7H0BhRDGXH5xrAwAz7XibWJtX2dNezMeNsUo=
github.com/bitcoinsv/bsvd v0.0.0-20190609155523-4c29707f7173/go.mod h1:BZ1UcC9+tmcDEcdVXgpt13hMczwJxWzpAn68wNs7zRA=
github.com/bitcoinsv/bsvlog v0.0.0-20181216181007-cb81b076bf2e h1:6f+gRvaPE/4h0g39dqTNPr9/P4mikw0aB+dhiExaWN8=
github.com/bitcoinsv/bsvlog v0.0.0-20181216181007-cb81b076bf2e/go.mod h1:WPrWor6cSeuGQZ15qPe+jqFmblJEFrJHYfr5cD7cmyk=
github.com/bitcoinsv/bsvutil v0.0.0-20181216182056-1d77cf353ea9 h1:hFI8rT84FCA0FFy3cFrkW5Nz4FyNKlIdCvEvvTNySKg=
github.com/bitcoinsv/bsvutil v0.0.0-20181216182056-1d77cf353ea9/go.mod h1:p44KuNKUH5BC8uX4ONEODaHUR4+ibC8todEAOGQEJAM=
github.com/creack/pty v1.1.9/go.mod h1:oKZEueFk5CKHvIhNR5MUki03XCEU+Q6VDXinZuGJ33E=
github.com/davecgh/go-spew v1.1.0/go.mod h1:J7Y8YcW2NihsgmVo/mv3lAwl/skON4iLHjSsI+c5H38=
github.com/davecgh/go-spew v1.1.1 h1:vj9j/u1bqnvCEfJOwUhtlOARqs3+rkHYY13jYWTU97c=
github.com/davecgh/go-spew v1.1.1/go.mod h1:J7Y8YcW2NihsgmVo/mv3lAwl/skON4iLHjSsI+c5H38=
github.com/joho/godotenv v1.5.1 h1:7eLL/+HRGLY0ldzfGMeQkb7vMd0as4CfYvUVzLqw0N0=
github.com/joho/godotenv v1.5.1/go.mod h1:f4LDr5Voq0i2e/R5DDNOoa2zzDfwtkZa6DnEwAbqwq4=
github.com/kr/pretty v0.2.1/go.mod h1:ipq/a2n7PKx3OHsz4KJII5eveXtPO4qwEXGdVfWzfnI=
github.com/kr/pretty v0.3.1/go.mod h1:hoEshYVHaxMs3cyo3Yncou5ZscifuDolrwPKZanG3xk=
github.com/kr/pty v1.1.1/go.mod h1:pFQYn66WHrOpPYNljwOMqo10TkYh1fy3cYio2l3bCsQ=
github.com/kr/text v0.1.0/go.mod h1:4Jbv+DJW3UT/LiOwJeYQe1efqtUx/iVham/4vfdArNI=
github.com/kr/text v0.2.0/go.mod h1:eLer722TekiGuMkidMxC/pM04lWEeraHUUmBw8l2grE=
github.com/libsv/go-bk v0.1.6 h1:c9CiT5+64HRDbzxPl1v/oiFmbvWZTuUYqywCf+MBs/c=
github.com/libsv/go-bk v0.1.6/go.mod h1:khJboDoH18FPUaZlzRFKzlVN84d4YfdmlDtdX4LAjQA=
github.com/libsv/go-bt v1.0.4/go.mod h1:AfXoLFYEbY/TvCq/84xTce2xGjPUuC5imokHmcykF2k=
github.com/libsv/go-bt v1.0.8 h1:nWLLcnUm0dxNO3exqrL5jvAcTGkl0dsnBuQqB6+M6vQ=
github.com/libsv/go-bt v1.0.8/go.mod h1:yO023bNYLh5DwcOYl+ZqLAeTemoy6K+2UbQlIBMv+EQ=
github.com/libsv/go-bt/v2 v2.1.0-beta.2.0.20211221142324-0d686850c5e0/go.mod h1:KbBf6ugGNMtVwtCSUtlSAHoVhbAie4hu2VM97d1ZL8I=
github.com/libsv/go-bt/v2 v2.1.1 h1:mhE1re2uEOCPTm9vKVtvTcmc2htVFrw2Qna3k9jdbGg=
github.com/libsv/go-bt/v2 v2.1.1/go.mod h1:mdzxtlFZ3Ht8gVCyMJOEza6+xMmpiAfF6Whv8+PDqNI=
github.com/pkg/diff v0.0.0-20210226163009-20ebb0f2a09e/go.mod h1:pJLUxLENpZxwdsKMEsNbx1VGcRFpLqf3715MtcvvzbA=
github.com/pkg/errors v0.9.1 h1:FEBLx1zS214owpjy7qsBeixbURkuhQAwrK5UwLGTwt4=
github.com/pkg/errors v0.9.1/go.mod h1:bwawxfHBFNV+L2hUp1rHADufV3IMtnDRdf1r5NINEl0=
github.com/pmezard/go-difflib v1.0.0 h1:4DBwDE0NGyQoBHbLQYPwSUPoCMWR5BEzIk/f1lZbAQM=
github.com/pmezard/go-difflib v1.0.0/go.mod h1:iKH77koFhYxTK1pcRnkKkqfTogsbg7gZNVY4sRDYZ/4=
github.com/rogpeppe/go-internal v1.9.0/go.mod h1:WtVeX8xhTBvf0smdhujwtBcq4Qrzq/fJaraNFVN+nFs=
github.com/stretchr/objx v0.1.0/go.mod h1:HFkY916IF+rwdDfMAkV7OtwuqBVzrE8GR6GFx+wExME=
github.com/stretchr/objx v0.4.0/go.mod h1:YvHI0jy2hoMjB+UWwv71VJQ9isScKT/TqJzVSSt89Yw=
github.com/stretchr/objx v0.5.0/go.mod h1:Yh+to48EsGEfYuaHDzXPcE3xhTkx73EhmCGUpEOglKo=
github.com/stretchr/testify v1.7.0/go.mod h1:6Fq8oRcR53rry900zMqJjRRixrwX3KX962/h/Wwjteg=
github.com/stretchr/testify v1.7.1/go.mod h1:6Fq8oRcR53rry900zMqJjRRixrwX3KX962/h/Wwjteg=
github.com/stretchr/testify v1.8.0/go.mod h1:yNjHg4UonilssWZ8iaSj1OCr/vHnekPRkoO+kdMU+MU=
github.com/stretchr/testify v1.8.1/go.mod h1:w2LPCIKwWwSfY2zedu0+kehJoqGctiVI29o6fzry7u4=
github.com/stretchr/testify v1.8.2 h1:+h33VjcLVPDHtOdpUCuF+7gSuG3yGIftsP1YvFihtJ8=
github.com/yuin/goldmark v1.4.13/go.mod h1:6yULJ656Px+3vBD8DxQVa3kxgyrAnzto9xy5taEt/CY=
golang.org/x/crypto v0.0.0-20190308221718-c2843e01d9a2/go.mod h1:djNgcEr1/C05ACkg1iLfiJU5Ep61QUkGW8qpdssI0+w=
golang.org/x/crypto v0.0.0-20201208171446-5f87f3452ae9/go.mod h1:jdWPYTVW3xRLrWPugEBEK3UY2ZEsg3UU495nc5E+M+I=
golang.org/x/crypto v0.0.0-20210421170649-83a5a9bb288b/go.mod h1:T9bdIzuCu7OtxOm1hfPfRQxPLYneinmdGuTeoZ9dtd4=
golang.org/x/crypto v0.0.0-20210711020723-a769d52b0f97/go.mod h1:GvvjBRRGRdwPK5ydBHafDWAxML/pGHZbMvKqRZ5+Abc=
golang.org/x/crypto v0.0.0-20210921155107-089bfa567519/go.mod h1:GvvjBRRGRdwPK5ydBHafDWAxML/pGHZbMvKqRZ5+Abc=
golang.org/x/crypto v0.0.0-20211209193657-4570a0811e8b/go.mod h1:IxCIyHEi3zRg3s0A5j5BB6A9Jmi73HwBIUl50j+osU4=
golang.org/x/crypto v0.0.0-20220315160706-3147a52a75dd/go.mod h1:IxCIyHEi3zRg3s0A5j5BB6A9Jmi73HwBIUl50j+osU4=
golang.org/x/crypto v0.5.0/go.mod h1:NK/OQwhpMQP3MwtdjgLlYHnH9ebylxKWv3e0fK+mkQU=
golang.org/x/crypto v0.31.0 h1:ihbySMvVjLAeSH1IbfcRTkD/iNscyz8rGzjF/E5hV6U=
golang.org/x/crypto v0.31.0/go.mod h1:kDsLvtWBEx7MV9tJOj9bnXsPbxwJQ6csT/x4KIN4Ssk=
golang.org/x/mod v0.6.0-dev.0.20220419223038-86c51ed26bb4/go.mod h1:jJ57K6gSWd91VN4djpZkiMVwK6gcyfeH4XE8wZrZaV4=
golang.org/x/net v0.0.0-20190404232315-eb5bcb51f2a3/go.mod h1:t9HGtf8HONx5eT2rtn7q6eTqICYqUVnKs3thJo3Qplg=
golang.org/x/net v0.0.0-20190620200207-3b0461eec859/go.mod h1:z5CRVTTTmAJ677TzLLGU+0bjPO0LkuOLi4/5GtJWs/s=
golang.org/x/net v0.0.0-20210226172049-e18ecbb05110/go.mod h1:m0MpNAwzfU5UDzcl9v0D8zg8gWTRqZa9RBIspLL5mdg=
golang.org/x/net v0.0.0-20211112202133-69e39bad7dc2/go.mod h1:9nx3DQGgdP8bBQD5qxJ1jj9UTztislL4KSBs9R2vV5Y=
golang.org/x/net v0.0.0-20220722155237-a158d28d115b/go.mod h1:XRhObCWvk6IyKnWLug+ECip1KBveYUHfp+8e9klMJ9c=
golang.org/x/net v0.5.0/go.mod h1:DivGGAXEgPSlEBzxGzZI+ZLohi+xUj054jfeKui00ws=
golang.org/x/sync v0.0.0-20190423024810-112230192c58/go.mod h1:RxMgew5VJxzue5/jJTE5uejpjVlOe/izrB70Jof72aM=
golang.org/x/sync v0.0.0-20210220032951-036812b2e83c/go.mod h1:RxMgew5VJxzue5/jJTE5uejpjVlOe/izrB70Jof72aM=
golang.org/x/sync v0.0.0-20220722155255-886fb9371eb4/go.mod h1:RxMgew5VJxzue5/jJTE5uejpjVlOe/izrB70Jof72aM=
golang.org/x/sys v0.0.0-20190215142949-d0b11bdaac8a/go.mod h1:STP8DvDyc/dI5b8T5hshtkjS+E42TnysNCUPdjciGhY=
golang.org/x/sys v0.0.0-20191026070338-33540a1f6037/go.mod h1:h1NjWce9XRLGQEsW7wpKNCjG9DtNlClVuFLEZdDNbEs=
golang.org/x/sys v0.0.0-20201119102817-f84b799fce68/go.mod h1:h1NjWce9XRLGQEsW7wpKNCjG9DtNlClVuFLEZdDNbEs=
golang.org/x/sys v0.0.0-20210423082822-04245dca01da/go.mod h1:h1NjWce9XRLGQEsW7wpKNCjG9DtNlClVuFLEZdDNbEs=
golang.org/x/sys v0.0.0-20210615035016-665e8c7367d1/go.mod h1:oPkhp1MJrh7nUepCBck5+mAzfO9JrbApNNgaTdGDITg=
golang.org/x/sys v0.0.0-20220520151302-bc2c85ada10a/go.mod h1:oPkhp1MJrh7nUepCBck5+mAzfO9JrbApNNgaTdGDITg=
golang.org/x/sys v0.0.0-20220722155257-8c9f86f7a55f/go.mod h1:oPkhp1MJrh7nUepCBck5+mAzfO9JrbApNNgaTdGDITg=
golang.org/x/sys v0.4.0/go.mod h1:oPkhp1MJrh7nUepCBck5+mAzfO9JrbApNNgaTdGDITg=
golang.org/x/term v0.0.0-20201117132131-f5c789dd3221/go.mod h1:Nr5EML6q2oocZ2LXRh80K7BxOlk5/8JxuGnuhpl+muw=
golang.org/x/term v0.0.0-20201126162022-7de9c90e9dd1/go.mod h1:bj7SfCRtBDWHUb9snDiAeCFNEtKQo2Wmx5Cou7ajbmo=
golang.org/x/term v0.0.0-20210927222741-03fcf44c2211/go.mod h1:jbD1KX2456YbFQfuXm/mYQcufACuNUgVhRMnK/tPxf8=
golang.org/x/term v0.4.0/go.mod h1:9P2UbLfCdcvo3p/nzKvsmas4TnlujnuoV9hGgYzW1lQ=
golang.org/x/text v0.3.0/go.mod h1:NqM8EUOU14njkJ3fqMW+pc6Ldnwhi/IjpwHt7yyuwOQ=
golang.org/x/text v0.3.3/go.mod h1:5Zoc/QRtKVWzQhOtBMvqHzDpF6irO9z98xDceosuGiQ=
golang.org/x/text v0.3.6/go.mod h1:5Zoc/QRtKVWzQhOtBMvqHzDpF6irO9z98xDceosuGiQ=
golang.org/x/text v0.3.7/go.mod h1:u+2+/6zg+i71rQMx5EYifcz6MCKuco9NR6JIITiCfzQ=
golang.org/x/text v0.6.0/go.mod h1:mrYo+phRRbMaCq/xk9113O4dZlRixOauAjOtrjsXDZ8=
golang.org/x/tools v0.0.0-20180917221912-90fa682c2a6e/go.mod h1:n7NCudcB/nEzxVGmLbDWY5pfWTLqBcC2KZ6jyYvM4mQ=
golang.org/x/tools v0.0.0-20191119224855-298f0cb1881e/go.mod h1:b+2E5dAYhXwXZwtnZ6UAqBI28+e2cm9otk0dWdXHAEo=
golang.org/x/tools v0.1.12/go.mod h1:hNGJHUnrk76NpqgfD5Aqm5Crs+Hm0VOH/i9J2+nxYbc=
golang.org/x/xerrors v0.0.0-20190717185122-a985d3407aa7/go.mod h1:I/5z698sn9Ka8TeJc9MKroUUfqBBauWjQqLJ2OPfmY0=
gopkg.in/check.v1 v0.0.0-20161208181325-20d25e280405/go.mod h1:Co6ibVJAznAaIkqp8huTwlJQCZ016jof/cbN4VW5Yz0=
gopkg.in/check.v1 v1.0.0-20201130134442-10cb98267c6c/go.mod h1:JHkPIbrfpd72SG/EVd6muEfDQjcINNoR0C8j2r3qZ4Q=
gopkg.in/yaml.v3 v3.0.0-20200313102051-9f266ea9e77c/go.mod h1:K4uyk7z7BCEPqu6E+C64Yfv1cQ7kz7rIZviUmN+EgEM=
gopkg.in/yaml.v3 v3.0.1 h1:fxVm/GzAzEWqLHuvctI91KS9hhNmmWOoWu0XTYJS7CA=
gopkg.in/yaml.v3 v3.0.1/go.mod h1:K4uyk7z7BCEPqu6E+C64Yfv1cQ7kz7rIZviUmN+EgEM=
